// !$*UTF8*$!
{
	archiveVersion = 1;
	classes = {
	};
	objectVersion = 77;
	objects = {

/* Begin PBXContainerItemProxy section */
		383DE9162E6DAF26005CCF4B /* PBXContainerItemProxy */ = {
			isa = PBXContainerItemProxy;
			containerPortal = 383DE9002E6DAF24005CCF4B /* Project object */;
			proxyType = 1;
			remoteGlobalIDString = 383DE9072E6DAF24005CCF4B;
			remoteInfo = "Not a Cook book";
		};
		383DE9202E6DAF26005CCF4B /* PBXContainerItemProxy */ = {
			isa = PBXContainerItemProxy;
			containerPortal = 383DE9002E6DAF24005CCF4B /* Project object */;
			proxyType = 1;
			remoteGlobalIDString = 383DE9072E6DAF24005CCF4B;
			remoteInfo = "Not a Cook book";
		};
/* End PBXContainerItemProxy section */

/* Begin PBXFileReference section */
		383DE9082E6DAF24005CCF4B /* Not a Cook book.app */ = {isa = PBXFileReference; explicitFileType = wrapper.application; includeInIndex = 0; path = "Not a Cook book.app"; sourceTree = BUILT_PRODUCTS_DIR; };
		383DE9152E6DAF26005CCF4B /* Not a Cook bookTests.xctest */ = {isa = PBXFileReference; explicitFileType = wrapper.cfbundle; includeInIndex = 0; path = "Not a Cook bookTests.xctest"; sourceTree = BUILT_PRODUCTS_DIR; };
		383DE91F2E6DAF26005CCF4B /* Not a Cook bookUITests.xctest */ = {isa = PBXFileReference; explicitFileType = wrapper.cfbundle; includeInIndex = 0; path = "Not a Cook bookUITests.xctest"; sourceTree = BUILT_PRODUCTS_DIR; };
/* End PBXFileReference section */

/* Begin PBXFileSystemSynchronizedRootGroup section */
		383DE90A2E6DAF24005CCF4B /* Not a Cook book */ = {
			isa = PBXFileSystemSynchronizedRootGroup;
			path = "Not a Cook book";
			sourceTree = "<group>";
		};
		383DE9182E6DAF26005CCF4B /* Not a Cook bookTests */ = {
			isa = PBXFileSystemSynchronizedRootGroup;
			path = "Not a Cook bookTests";
			sourceTree = "<group>";
		};
		383DE9222E6DAF26005CCF4B /* Not a Cook bookUITests */ = {
			isa = PBXFileSystemSynchronizedRootGroup;
			path = "Not a Cook bookUITests";
			sourceTree = "<group>";
		};
/* End PBXFileSystemSynchronizedRootGroup section */

/* Begin PBXFrameworksBuildPhase section */
		383DE9052E6DAF24005CCF4B /* Frameworks */ = {
			isa = PBXFrameworksBuildPhase;
			buildActionMask = 2147483647;
			files = (
			);
			runOnlyForDeploymentPostprocessing = 0;
		};
		383DE9122E6DAF26005CCF4B /* Frameworks */ = {
			isa = PBXFrameworksBuildPhase;
			buildActionMask = 2147483647;
			files = (
			);
			runOnlyForDeploymentPostprocessing = 0;
		};
		383DE91C2E6DAF26005CCF4B /* Frameworks */ = {
			isa = PBXFrameworksBuildPhase;
			buildActionMask = 2147483647;
			files = (
			);
			runOnlyForDeploymentPostprocessing = 0;
		};
/* End PBXFrameworksBuildPhase section */

/* Begin PBXGroup section */
		383DE8FF2E6DAF24005CCF4B = {
			isa = PBXGroup;
			children = (
				383DE90A2E6DAF24005CCF4B /* Not a Cook book */,
				383DE9182E6DAF26005CCF4B /* Not a Cook bookTests */,
				383DE9222E6DAF26005CCF4B /* Not a Cook bookUITests */,
				383DE9092E6DAF24005CCF4B /* Products */,
			);
			sourceTree = "<group>";
		};
		383DE9092E6DAF24005CCF4B /* Products */ = {
			isa = PBXGroup;
			children = (
				383DE9082E6DAF24005CCF4B /* Not a Cook book.app */,
				383DE9152E6DAF26005CCF4B /* Not a Cook bookTests.xctest */,
				383DE91F2E6DAF26005CCF4B /* Not a Cook bookUITests.xctest */,
			);
			name = Products;
			sourceTree = "<group>";
		};
/* End PBXGroup section */

/* Begin PBXNativeTarget section */
		383DE9072E6DAF24005CCF4B /* Not a Cook book */ = {
			isa = PBXNativeTarget;
			buildConfigurationList = 383DE9292E6DAF26005CCF4B /* Build configuration list for PBXNativeTarget "Not a Cook book" */;
			buildPhases = (
				383DE9042E6DAF24005CCF4B /* Sources */,
				383DE9052E6DAF24005CCF4B /* Frameworks */,
				383DE9062E6DAF24005CCF4B /* Resources */,
			);
			buildRules = (
			);
			dependencies = (
			);
			fileSystemSynchronizedGroups = (
				383DE90A2E6DAF24005CCF4B /* Not a Cook book */,
			);
			name = "Not a Cook book";
			packageProductDependencies = (
			);
			productName = "Not a Cook book";
			productReference = 383DE9082E6DAF24005CCF4B /* Not a Cook book.app */;
			productType = "com.apple.product-type.application";
		};
		383DE9142E6DAF26005CCF4B /* Not a Cook bookTests */ = {
			isa = PBXNativeTarget;
			buildConfigurationList = 383DE92C2E6DAF26005CCF4B /* Build configuration list for PBXNativeTarget "Not a Cook bookTests" */;
			buildPhases = (
				383DE9112E6DAF26005CCF4B /* Sources */,
				383DE9122E6DAF26005CCF4B /* Frameworks */,
				383DE9132E6DAF26005CCF4B /* Resources */,
			);
			buildRules = (
			);
			dependencies = (
				383DE9172E6DAF26005CCF4B /* PBXTargetDependency */,
			);
			fileSystemSynchronizedGroups = (
				383DE9182E6DAF26005CCF4B /* Not a Cook bookTests */,
			);
			name = "Not a Cook bookTests";
			packageProductDependencies = (
			);
			productName = "Not a Cook bookTests";
			productReference = 383DE9152E6DAF26005CCF4B /* Not a Cook bookTests.xctest */;
			productType = "com.apple.product-type.bundle.unit-test";
		};
		383DE91E2E6DAF26005CCF4B /* Not a Cook bookUITests */ = {
			isa = PBXNativeTarget;
			buildConfigurationList = 383DE92F2E6DAF26005CCF4B /* Build configuration list for PBXNativeTarget "Not a Cook bookUITests" */;
			buildPhases = (
				383DE91B2E6DAF26005CCF4B /* Sources */,
				383DE91C2E6DAF26005CCF4B /* Frameworks */,
				383DE91D2E6DAF26005CCF4B /* Resources */,
			);
			buildRules = (
			);
			dependencies = (
				383DE9212E6DAF26005CCF4B /* PBXTargetDependency */,
			);
			fileSystemSynchronizedGroups = (
				383DE9222E6DAF26005CCF4B /* Not a Cook bookUITests */,
			);
			name = "Not a Cook bookUITests";
			packageProductDependencies = (
			);
			productName = "Not a Cook bookUITests";
			productReference = 383DE91F2E6DAF26005CCF4B /* Not a Cook bookUITests.xctest */;
			productType = "com.apple.product-type.bundle.ui-testing";
		};
/* End PBXNativeTarget section */

/* Begin PBXProject section */
		383DE9002E6DAF24005CCF4B /* Project object */ = {
			isa = PBXProject;
			attributes = {
				BuildIndependentTargetsInParallel = 1;
				LastSwiftUpdateCheck = 1640;
				LastUpgradeCheck = 1640;
				TargetAttributes = {
					383DE9072E6DAF24005CCF4B = {
						CreatedOnToolsVersion = 16.4;
					};
					383DE9142E6DAF26005CCF4B = {
						CreatedOnToolsVersion = 16.4;
						TestTargetID = 383DE9072E6DAF24005CCF4B;
					};
					383DE91E2E6DAF26005CCF4B = {
						CreatedOnToolsVersion = 16.4;
						TestTargetID = 383DE9072E6DAF24005CCF4B;
					};
				};
			};
			buildConfigurationList = 383DE9032E6DAF24005CCF4B /* Build configuration list for PBXProject "Not a Cook book" */;
			developmentRegion = en;
			hasScannedForEncodings = 0;
			knownRegions = (
				en,
				Base,
			);
			mainGroup = 383DE8FF2E6DAF24005CCF4B;
			minimizedProjectReferenceProxies = 1;
			preferredProjectObjectVersion = 77;
			productRefGroup = 383DE9092E6DAF24005CCF4B /* Products */;
			projectDirPath = "";
			projectRoot = "";
			targets = (
				383DE9072E6DAF24005CCF4B /* Not a Cook book */,
				383DE9142E6DAF26005CCF4B /* Not a Cook bookTests */,
				383DE91E2E6DAF26005CCF4B /* Not a Cook bookUITests */,
			);
		};
/* End PBXProject section */

/* Begin PBXResourcesBuildPhase section */
		383DE9062E6DAF24005CCF4B /* Resources */ = {
			isa = PBXResourcesBuildPhase;
			buildActionMask = 2147483647;
			files = (
			);
			runOnlyForDeploymentPostprocessing = 0;
		};
		383DE9132E6DAF26005CCF4B /* Resources */ = {
			isa = PBXResourcesBuildPhase;
			buildActionMask = 2147483647;
			files = (
			);
			runOnlyForDeploymentPostprocessing = 0;
		};
		383DE91D2E6DAF26005CCF4B /* Resources */ = {
			isa = PBXResourcesBuildPhase;
			buildActionMask = 2147483647;
			files = (
			);
			runOnlyForDeploymentPostprocessing = 0;
		};
/* End PBXResourcesBuildPhase section */

/* Begin PBXSourcesBuildPhase section */
		383DE9042E6DAF24005CCF4B /* Sources */ = {
			isa = PBXSourcesBuildPhase;
			buildActionMask = 2147483647;
			files = (
			);
			runOnlyForDeploymentPostprocessing = 0;
		};
		383DE9112E6DAF26005CCF4B /* Sources */ = {
			isa = PBXSourcesBuildPhase;
			buildActionMask = 2147483647;
			files = (
			);
			runOnlyForDeploymentPostprocessing = 0;
		};
		383DE91B2E6DAF26005CCF4B /* Sources */ = {
			isa = PBXSourcesBuildPhase;
			buildActionMask = 2147483647;
			files = (
			);
			runOnlyForDeploymentPostprocessing = 0;
		};
/* End PBXSourcesBuildPhase section */

/* Begin PBXTargetDependency section */
		383DE9172E6DAF26005CCF4B /* PBXTargetDependency */ = {
			isa = PBXTargetDependency;
			target = 383DE9072E6DAF24005CCF4B /* Not a Cook book */;
			targetProxy = 383DE9162E6DAF26005CCF4B /* PBXContainerItemProxy */;
		};
		383DE9212E6DAF26005CCF4B /* PBXTargetDependency */ = {
			isa = PBXTargetDependency;
			target = 383DE9072E6DAF24005CCF4B /* Not a Cook book */;
			targetProxy = 383DE9202E6DAF26005CCF4B /* PBXContainerItemProxy */;
		};
/* End PBXTargetDependency section */

/* Begin XCBuildConfiguration section */
		383DE9272E6DAF26005CCF4B /* Debug */ = {
			isa = XCBuildConfiguration;
			buildSettings = {
				ALWAYS_SEARCH_USER_PATHS = NO;
				ASSETCATALOG_COMPILER_GENERATE_SWIFT_ASSET_SYMBOL_EXTENSIONS = YES;
				CLANG_ANALYZER_NONNULL = YES;
				CLANG_ANALYZER_NUMBER_OBJECT_CONVERSION = YES_AGGRESSIVE;
				CLANG_CXX_LANGUAGE_STANDARD = "gnu++20";
				CLANG_ENABLE_MODULES = YES;
				CLANG_ENABLE_OBJC_ARC = YES;
				CLANG_ENABLE_OBJC_WEAK = YES;
				CLANG_WARN_BLOCK_CAPTURE_AUTORELEASING = YES;
				CLANG_WARN_BOOL_CONVERSION = YES;
				CLANG_WARN_COMMA = YES;
				CLANG_WARN_CONSTANT_CONVERSION = YES;
				CLANG_WARN_DEPRECATED_OBJC_IMPLEMENTATIONS = YES;
				CLANG_WARN_DIRECT_OBJC_ISA_USAGE = YES_ERROR;
				CLANG_WARN_DOCUMENTATION_COMMENTS = YES;
				CLANG_WARN_EMPTY_BODY = YES;
				CLANG_WARN_ENUM_CONVERSION = YES;
				CLANG_WARN_INFINITE_RECURSION = YES;
				CLANG_WARN_INT_CONVERSION = YES;
				CLANG_WARN_NON_LITERAL_NULL_CONVERSION = YES;
				CLANG_WARN_OBJC_IMPLICIT_RETAIN_SELF = YES;
				CLANG_WARN_OBJC_LITERAL_CONVERSION = YES;
				CLANG_WARN_OBJC_ROOT_CLASS = YES_ERROR;
				CLANG_WARN_QUOTED_INCLUDE_IN_FRAMEWORK_HEADER = YES;
				CLANG_WARN_RANGE_LOOP_ANALYSIS = YES;
				CLANG_WARN_STRICT_PROTOTYPES = YES;
				CLANG_WARN_SUSPICIOUS_MOVE = YES;
				CLANG_WARN_UNGUARDED_AVAILABILITY = YES_AGGRESSIVE;
				CLANG_WARN_UNREACHABLE_CODE = YES;
				CLANG_WARN__DUPLICATE_METHOD_MATCH = YES;
				COPY_PHASE_STRIP = NO;
				DEBUG_INFORMATION_FORMAT = dwarf;
				DEVELOPMENT_TEAM = 272267BW5C;
				ENABLE_STRICT_OBJC_MSGSEND = YES;
				ENABLE_TESTABILITY = YES;
				ENABLE_USER_SCRIPT_SANDBOXING = YES;
				GCC_C_LANGUAGE_STANDARD = gnu17;
				GCC_DYNAMIC_NO_PIC = NO;
				GCC_NO_COMMON_BLOCKS = YES;
				GCC_OPTIMIZATION_LEVEL = 0;
				GCC_PREPROCESSOR_DEFINITIONS = (
					"DEBUG=1",
					"$(inherited)",
				);
				GCC_WARN_64_TO_32_BIT_CONVERSION = YES;
				GCC_WARN_ABOUT_RETURN_TYPE = YES_ERROR;
				GCC_WARN_UNDECLARED_SELECTOR = YES;
				GCC_WARN_UNINITIALIZED_AUTOS = YES_AGGRESSIVE;
				GCC_WARN_UNUSED_FUNCTION = YES;
				GCC_WARN_UNUSED_VARIABLE = YES;
				IPHONEOS_DEPLOYMENT_TARGET = 18.5;
				LOCALIZATION_PREFERS_STRING_CATALOGS = YES;
				MTL_ENABLE_DEBUG_INFO = INCLUDE_SOURCE;
				MTL_FAST_MATH = YES;
				ONLY_ACTIVE_ARCH = YES;
				SDKROOT = iphoneos;
				SWIFT_ACTIVE_COMPILATION_CONDITIONS = "DEBUG $(inherited)";
				SWIFT_OPTIMIZATION_LEVEL = "-Onone";
			};
			name = Debug;
		};
		383DE9282E6DAF26005CCF4B /* Release */ = {
			isa = XCBuildConfiguration;
			buildSettings = {
				ALWAYS_SEARCH_USER_PATHS = NO;
				ASSETCATALOG_COMPILER_GENERATE_SWIFT_ASSET_SYMBOL_EXTENSIONS = YES;
				CLANG_ANALYZER_NONNULL = YES;
				CLANG_ANALYZER_NUMBER_OBJECT_CONVERSION = YES_AGGRESSIVE;
				CLANG_CXX_LANGUAGE_STANDARD = "gnu++20";
				CLANG_ENABLE_MODULES = YES;
				CLANG_ENABLE_OBJC_ARC = YES;
				CLANG_ENABLE_OBJC_WEAK = YES;
				CLANG_WARN_BLOCK_CAPTURE_AUTORELEASING = YES;
				CLANG_WARN_BOOL_CONVERSION = YES;
				CLANG_WARN_COMMA = YES;
				CLANG_WARN_CONSTANT_CONVERSION = YES;
				CLANG_WARN_DEPRECATED_OBJC_IMPLEMENTATIONS = YES;
				CLANG_WARN_DIRECT_OBJC_ISA_USAGE = YES_ERROR;
				CLANG_WARN_DOCUMENTATION_COMMENTS = YES;
				CLANG_WARN_EMPTY_BODY = YES;
				CLANG_WARN_ENUM_CONVERSION = YES;
				CLANG_WARN_INFINITE_RECURSION = YES;
				CLANG_WARN_INT_CONVERSION = YES;
				CLANG_WARN_NON_LITERAL_NULL_CONVERSION = YES;
				CLANG_WARN_OBJC_IMPLICIT_RETAIN_SELF = YES;
				CLANG_WARN_OBJC_LITERAL_CONVERSION = YES;
				CLANG_WARN_OBJC_ROOT_CLASS = YES_ERROR;
				CLANG_WARN_QUOTED_INCLUDE_IN_FRAMEWORK_HEADER = YES;
				CLANG_WARN_RANGE_LOOP_ANALYSIS = YES;
				CLANG_WARN_STRICT_PROTOTYPES = YES;
				CLANG_WARN_SUSPICIOUS_MOVE = YES;
				CLANG_WARN_UNGUARDED_AVAILABILITY = YES_AGGRESSIVE;
				CLANG_WARN_UNREACHABLE_CODE = YES;
				CLANG_WARN__DUPLICATE_METHOD_MATCH = YES;
				COPY_PHASE_STRIP = NO;
				DEBUG_INFORMATION_FORMAT = "dwarf-with-dsym";
				DEVELOPMENT_TEAM = 272267BW5C;
				ENABLE_NS_ASSERTIONS = NO;
				ENABLE_STRICT_OBJC_MSGSEND = YES;
				ENABLE_USER_SCRIPT_SANDBOXING = YES;
				GCC_C_LANGUAGE_STANDARD = gnu17;
				GCC_NO_COMMON_BLOCKS = YES;
				GCC_WARN_64_TO_32_BIT_CONVERSION = YES;
				GCC_WARN_ABOUT_RETURN_TYPE = YES_ERROR;
				GCC_WARN_UNDECLARED_SELECTOR = YES;
				GCC_WARN_UNINITIALIZED_AUTOS = YES_AGGRESSIVE;
				GCC_WARN_UNUSED_FUNCTION = YES;
				GCC_WARN_UNUSED_VARIABLE = YES;
				IPHONEOS_DEPLOYMENT_TARGET = 18.5;
				LOCALIZATION_PREFERS_STRING_CATALOGS = YES;
				MTL_ENABLE_DEBUG_INFO = NO;
				MTL_FAST_MATH = YES;
				SDKROOT = iphoneos;
				SWIFT_COMPILATION_MODE = wholemodule;
				VALIDATE_PRODUCT = YES;
			};
			name = Release;
		};
		383DE92A2E6DAF26005CCF4B /* Debug */ = {
			isa = XCBuildConfiguration;
			buildSettings = {
				ASSETCATALOG_COMPILER_APPICON_NAME = AppIcon;
				ASSETCATALOG_COMPILER_GLOBAL_ACCENT_COLOR_NAME = AccentColor;
				CODE_SIGN_STYLE = Automatic;
				CURRENT_PROJECT_VERSION = 1;
				DEVELOPMENT_TEAM = 272267BW5C;
				ENABLE_PREVIEWS = YES;
				GENERATE_INFOPLIST_FILE = YES;
				INFOPLIST_FILE = "Not-a-Cook-book-Info.plist";
				INFOPLIST_KEY_NSCameraUsageDescription = "We need your camera to scan meals.\nWe need your camera to scan meals.\nWe need your camera to scan your meals.";
				INFOPLIST_KEY_NSPhotoLibraryAddUsageDescription = "We save the meal photos you take.";
				INFOPLIST_KEY_UIApplicationSceneManifest_Generation = YES;
				INFOPLIST_KEY_UIApplicationSupportsIndirectInputEvents = YES;
				INFOPLIST_KEY_UILaunchScreen_Generation = YES;
				INFOPLIST_KEY_UISupportedInterfaceOrientations_iPad = "UIInterfaceOrientationPortrait UIInterfaceOrientationPortraitUpsideDown UIInterfaceOrientationLandscapeLeft UIInterfaceOrientationLandscapeRight";
				INFOPLIST_KEY_UISupportedInterfaceOrientations_iPhone = "UIInterfaceOrientationPortrait UIInterfaceOrientationLandscapeLeft UIInterfaceOrientationLandscapeRight";
				LD_RUNPATH_SEARCH_PATHS = (
					"$(inherited)",
					"@executable_path/Frameworks",
				);
				MARKETING_VERSION = 1.0;
				PRODUCT_BUNDLE_IDENTIFIER = "com.kourosh.Not-a-Cook-book";
				PRODUCT_NAME = "$(TARGET_NAME)";
				SWIFT_EMIT_LOC_STRINGS = YES;
				SWIFT_VERSION = 5.0;
				TARGETED_DEVICE_FAMILY = "1,2";
			};
			name = Debug;
		};
		383DE92B2E6DAF26005CCF4B /* Release */ = {
			isa = XCBuildConfiguration;
			buildSettings = {
				ASSETCATALOG_COMPILER_APPICON_NAME = AppIcon;
				ASSETCATALOG_COMPILER_GLOBAL_ACCENT_COLOR_NAME = AccentColor;
				CODE_SIGN_STYLE = Automatic;
				CURRENT_PROJECT_VERSION = 1;
				DEVELOPMENT_TEAM = 272267BW5C;
				ENABLE_PREVIEWS = YES;
				GENERATE_INFOPLIST_FILE = YES;
				INFOPLIST_FILE = "Not-a-Cook-book-Info.plist";
				INFOPLIST_KEY_NSCameraUsageDescription = "We need your camera to scan meals.\nWe need your camera to scan meals.\nWe need your camera to scan your meals.";
				INFOPLIST_KEY_NSPhotoLibraryAddUsageDescription = "We save the meal photos you take.";
				INFOPLIST_KEY_UIApplicationSceneManifest_Generation = YES;
				INFOPLIST_KEY_UIApplicationSupportsIndirectInputEvents = YES;
				INFOPLIST_KEY_UILaunchScreen_Generation = YES;
				INFOPLIST_KEY_UISupportedInterfaceOrientations_iPad = "UIInterfaceOrientationPortrait UIInterfaceOrientationPortraitUpsideDown UIInterfaceOrientationLandscapeLeft UIInterfaceOrientationLandscapeRight";
				INFOPLIST_KEY_UISupportedInterfaceOrientations_iPhone = "UIInterfaceOrientationPortrait UIInterfaceOrientationLandscapeLeft UIInterfaceOrientationLandscapeRight";
				LD_RUNPATH_SEARCH_PATHS = (
					"$(inherited)",
					"@executable_path/Frameworks",
				);
				MARKETING_VERSION = 1.0;
				PRODUCT_BUNDLE_IDENTIFIER = "com.kourosh.Not-a-Cook-book";
				PRODUCT_NAME = "$(TARGET_NAME)";
				SWIFT_EMIT_LOC_STRINGS = YES;
				SWIFT_VERSION = 5.0;
				TARGETED_DEVICE_FAMILY = "1,2";
			};
			name = Release;
		};
		383DE92D2E6DAF26005CCF4B /* Debug */ = {
			isa = XCBuildConfiguration;
			buildSettings = {
				BUNDLE_LOADER = "$(TEST_HOST)";
				CODE_SIGN_STYLE = Automatic;
				CURRENT_PROJECT_VERSION = 1;
				DEVELOPMENT_TEAM = 272267BW5C;
				GENERATE_INFOPLIST_FILE = YES;
				IPHONEOS_DEPLOYMENT_TARGET = 18.5;
				MARKETING_VERSION = 1.0;
				PRODUCT_BUNDLE_IDENTIFIER = "com.kourosh.Not-a-Cook-bookTests";
				PRODUCT_NAME = "$(TARGET_NAME)";
				SWIFT_EMIT_LOC_STRINGS = NO;
				SWIFT_VERSION = 5.0;
				TARGETED_DEVICE_FAMILY = "1,2";
				TEST_HOST = "$(BUILT_PRODUCTS_DIR)/Not a Cook book.app/$(BUNDLE_EXECUTABLE_FOLDER_PATH)/Not a Cook book";
			};
			name = Debug;
		};
		383DE92E2E6DAF26005CCF4B /* Release */ = {
			isa = XCBuildConfiguration;
			buildSettings = {
				BUNDLE_LOADER = "$(TEST_HOST)";
				CODE_SIGN_STYLE = Automatic;
				CURRENT_PROJECT_VERSION = 1;
				DEVELOPMENT_TEAM = 272267BW5C;
				GENERATE_INFOPLIST_FILE = YES;
				IPHONEOS_DEPLOYMENT_TARGET = 18.5;
				MARKETING_VERSION = 1.0;
				PRODUCT_BUNDLE_IDENTIFIER = "com.kourosh.Not-a-Cook-bookTests";
				PRODUCT_NAME = "$(TARGET_NAME)";
				SWIFT_EMIT_LOC_STRINGS = NO;
				SWIFT_VERSION = 5.0;
				TARGETED_DEVICE_FAMILY = "1,2";
				TEST_HOST = "$(BUILT_PRODUCTS_DIR)/Not a Cook book.app/$(BUNDLE_EXECUTABLE_FOLDER_PATH)/Not a Cook book";
			};
			name = Release;
		};
		383DE9302E6DAF26005CCF4B /* Debug */ = {
			isa = XCBuildConfiguration;
			buildSettings = {
				CODE_SIGN_STYLE = Automatic;
				CURRENT_PROJECT_VERSION = 1;
				DEVELOPMENT_TEAM = 272267BW5C;
				GENERATE_INFOPLIST_FILE = YES;
				MARKETING_VERSION = 1.0;
				PRODUCT_BUNDLE_IDENTIFIER = "com.kourosh.Not-a-Cook-bookUITests";
				PRODUCT_NAME = "$(TARGET_NAME)";
				SWIFT_EMIT_LOC_STRINGS = NO;
				SWIFT_VERSION = 5.0;
				TARGETED_DEVICE_FAMILY = "1,2";
				TEST_TARGET_NAME = "Not a Cook book";
			};
			name = Debug;
		};
		383DE9312E6DAF26005CCF4B /* Release */ = {
			isa = XCBuildConfiguration;
			buildSettings = {
				CODE_SIGN_STYLE = Automatic;
				CURRENT_PROJECT_VERSION = 1;
				DEVELOPMENT_TEAM = 272267BW5C;
				GENERATE_INFOPLIST_FILE = YES;
				MARKETING_VERSION = 1.0;
				PRODUCT_BUNDLE_IDENTIFIER = "com.kourosh.Not-a-Cook-bookUITests";
				PRODUCT_NAME = "$(TARGET_NAME)";
				SWIFT_EMIT_LOC_STRINGS = NO;
				SWIFT_VERSION = 5.0;
				TARGETED_DEVICE_FAMILY = "1,2";
				TEST_TARGET_NAME = "Not a Cook book";
			};
			name = Release;
		};
/* End XCBuildConfiguration section */

/* Begin XCConfigurationList section */
		383DE9032E6DAF24005CCF4B /* Build configuration list for PBXProject "Not a Cook book" */ = {
			isa = XCConfigurationList;
			buildConfigurations = (
				383DE9272E6DAF26005CCF4B /* Debug */,
				383DE9282E6DAF26005CCF4B /* Release */,
			);
			defaultConfigurationIsVisible = 0;
			defaultConfigurationName = Release;
		};
		383DE9292E6DAF26005CCF4B /* Build configuration list for PBXNativeTarget "Not a Cook book" */ = {
			isa = XCConfigurationList;
			buildConfigurations = (
				383DE92A2E6DAF26005CCF4B /* Debug */,
				383DE92B2E6DAF26005CCF4B /* Release */,
			);
			defaultConfigurationIsVisible = 0;
			defaultConfigurationName = Release;
		};
		383DE92C2E6DAF26005CCF4B /* Build configuration list for PBXNativeTarget "Not a Cook bookTests" */ = {
			isa = XCConfigurationList;
			buildConfigurations = (
				383DE92D2E6DAF26005CCF4B /* Debug */,
				383DE92E2E6DAF26005CCF4B /* Release */,
			);
			defaultConfigurationIsVisible = 0;
			defaultConfigurationName = Release;
		};
		383DE92F2E6DAF26005CCF4B /* Build configuration list for PBXNativeTarget "Not a Cook bookUITests" */ = {
			isa = XCConfigurationList;
			buildConfigurations = (
				383DE9302E6DAF26005CCF4B /* Debug */,
				383DE9312E6DAF26005CCF4B /* Release */,
			);
			defaultConfigurationIsVisible = 0;
			defaultConfigurationName = Release;
		};
/* End XCConfigurationList section */
	};
	rootObject = 383DE9002E6DAF24005CCF4B /* Project object */;
}
